
Microsoft Visual Studio Solution File, Format Version 12.00
# Visual Studio Version 17
VisualStudioVersion = 17.2.32630.192
MinimumVisualStudioVersion = 10.0.40219.1
Project("{8BC9CEB8-8B4A-11D0-8D11-00A0C91BC942}") = "SList", "SList.vcxproj", "{D08D8CE2-FAFE-4B1E-B5FF-182D6E01BA70}"
EndProject
Global
	GlobalSection(SolutionConfigurationPlatforms) = preSolution
		Debug|x64 = Debug|x64
		Debug|x86 = Debug|x86
		Release|x64 = Release|x64
		Release|x86 = Release|x86
	EndGlobalSection
	GlobalSection(ProjectConfigurationPlatforms) = postSolution
		{D08D8CE2-FAFE-4B1E-B5FF-182D6E01BA70}.Debug|x64.ActiveCfg = Debug|x64
		{D08D8CE2-FAFE-4B1E-B5FF-182D6E01BA70}.Debug|x64.Build.0 = Debug|x64
		{D08D8CE2-FAFE-4B1E-B5FF-182D6E01BA70}.Debug|x86.ActiveCfg = Debug|Win32
		{D08D8CE2-FAFE-4B1E-B5FF-182D6E01BA70}.Debug|x86.Build.0 = Debug|Win32
		{D08D8CE2-FAFE-4B1E-B5FF-182D6E01BA70}.Release|x64.ActiveCfg = Release|x64
		{D08D8CE2-FAFE-4B1E-B5FF-182D6E01BA70}.Release|x64.Build.0 = Release|x64
		{D08D8CE2-FAFE-4B1E-B5FF-182D6E01BA70}.Release|x86.ActiveCfg = Release|Win32
		{D08D8CE2-FAFE-4B1E-B5FF-182D6E01BA70}.Release|x86.Build.0 = Release|Win32
	EndGlobalSection
	GlobalSection(SolutionProperties) = preSolution
		HideSolutionNode = FALSE
	EndGlobalSection
	GlobalSection(ExtensibilityGlobals) = postSolution
		SolutionGuid = {0AA9E827-F414-41C8-B8D6-CEFFD3153F0A}
	EndGlobalSection
EndGlobal
